
Microsoft Visual Studio Solution File, Format Version 12.00
# Visual Studio Version 17
VisualStudioVersion = 17.0.31903.59
MinimumVisualStudioVersion = 10.0.40219.1
Project("{FAE04EC0-301F-11D3-BF4B-00C04F79EFBC}") = "SmartVAT.Models", "SmartVAT.Models\SmartVAT.Models.csproj", "{FC9F14F6-9BA7-49FD-ACE6-53725FBE5883}"
EndProject
Project("{FAE04EC0-301F-11D3-BF4B-00C04F79EFBC}") = "SmartVAT.Data", "SmartVAT.Data\SmartVAT.Data.csproj", "{6BBA0862-919D-4C54-9CCD-17F835E4B9CC}"
EndProject
Project("{FAE04EC0-301F-11D3-BF4B-00C04F79EFBC}") = "SmartVAT.ConsoleUI", "SmartVAT.ConsoleUI\SmartVAT.ConsoleUI.csproj", "{E3C3AEC8-A9E1-4BB0-B08E-A40615014BE7}"
EndProject
Global
	GlobalSection(SolutionConfigurationPlatforms) = preSolution
		Debug|Any CPU = Debug|Any CPU
		Release|Any CPU = Release|Any CPU
	EndGlobalSection
	GlobalSection(SolutionProperties) = preSolution
		HideSolutionNode = FALSE
	EndGlobalSection
	GlobalSection(ProjectConfigurationPlatforms) = postSolution
		{FC9F14F6-9BA7-49FD-ACE6-53725FBE5883}.Debug|Any CPU.ActiveCfg = Debug|Any CPU
		{FC9F14F6-9BA7-49FD-ACE6-53725FBE5883}.Debug|Any CPU.Build.0 = Debug|Any CPU
		{FC9F14F6-9BA7-49FD-ACE6-53725FBE5883}.Release|Any CPU.ActiveCfg = Release|Any CPU
		{FC9F14F6-9BA7-49FD-ACE6-53725FBE5883}.Release|Any CPU.Build.0 = Release|Any CPU
		{6BBA0862-919D-4C54-9CCD-17F835E4B9CC}.Debug|Any CPU.ActiveCfg = Debug|Any CPU
		{6BBA0862-919D-4C54-9CCD-17F835E4B9CC}.Debug|Any CPU.Build.0 = Debug|Any CPU
		{6BBA0862-919D-4C54-9CCD-17F835E4B9CC}.Release|Any CPU.ActiveCfg = Release|Any CPU
		{6BBA0862-919D-4C54-9CCD-17F835E4B9CC}.Release|Any CPU.Build.0 = Release|Any CPU
		{E3C3AEC8-A9E1-4BB0-B08E-A40615014BE7}.Debug|Any CPU.ActiveCfg = Debug|Any CPU
		{E3C3AEC8-A9E1-4BB0-B08E-A40615014BE7}.Debug|Any CPU.Build.0 = Debug|Any CPU
		{E3C3AEC8-A9E1-4BB0-B08E-A40615014BE7}.Release|Any CPU.ActiveCfg = Release|Any CPU
		{E3C3AEC8-A9E1-4BB0-B08E-A40615014BE7}.Release|Any CPU.Build.0 = Release|Any CPU
	EndGlobalSection
EndGlobal
